
Microsoft Visual Studio Solution File, Format Version 12.00
# Visual Studio 2013
VisualStudioVersion = 12.0.30723.0
MinimumVisualStudioVersion = 10.0.40219.1
Project("{FAE04EC0-301F-11D3-BF4B-00C04F79EFBC}") = "Service", "Service\Service.csproj", "{DD8ED54B-63A0-45AE-84EA-37C41795670C}"
EndProject
Project("{FAE04EC0-301F-11D3-BF4B-00C04F79EFBC}") = "Client", "Client\Client.csproj", "{3F6DCABD-9426-46C6-82CE-E330AA4D6535}"
EndProject
Project("{FAE04EC0-301F-11D3-BF4B-00C04F79EFBC}") = "Infrastructure", "Infrastructure\Infrastructure.csproj", "{FB635956-BCD3-486B-8F13-A9BE3551CCE9}"
EndProject
Global
	GlobalSection(SolutionConfigurationPlatforms) = preSolution
		Debug|Any CPU = Debug|Any CPU
		Release|Any CPU = Release|Any CPU
	EndGlobalSection
	GlobalSection(ProjectConfigurationPlatforms) = postSolution
		{DD8ED54B-63A0-45AE-84EA-37C41795670C}.Debug|Any CPU.ActiveCfg = Debug|Any CPU
		{DD8ED54B-63A0-45AE-84EA-37C41795670C}.Debug|Any CPU.Build.0 = Debug|Any CPU
		{DD8ED54B-63A0-45AE-84EA-37C41795670C}.Release|Any CPU.ActiveCfg = Release|Any CPU
		{DD8ED54B-63A0-45AE-84EA-37C41795670C}.Release|Any CPU.Build.0 = Release|Any CPU
		{3F6DCABD-9426-46C6-82CE-E330AA4D6535}.Debug|Any CPU.ActiveCfg = Debug|Any CPU
		{3F6DCABD-9426-46C6-82CE-E330AA4D6535}.Debug|Any CPU.Build.0 = Debug|Any CPU
		{3F6DCABD-9426-46C6-82CE-E330AA4D6535}.Release|Any CPU.ActiveCfg = Release|Any CPU
		{3F6DCABD-9426-46C6-82CE-E330AA4D6535}.Release|Any CPU.Build.0 = Release|Any CPU
		{FB635956-BCD3-486B-8F13-A9BE3551CCE9}.Debug|Any CPU.ActiveCfg = Debug|Any CPU
		{FB635956-BCD3-486B-8F13-A9BE3551CCE9}.Debug|Any CPU.Build.0 = Debug|Any CPU
		{FB635956-BCD3-486B-8F13-A9BE3551CCE9}.Release|Any CPU.ActiveCfg = Release|Any CPU
		{FB635956-BCD3-486B-8F13-A9BE3551CCE9}.Release|Any CPU.Build.0 = Release|Any CPU
	EndGlobalSection
	GlobalSection(SolutionProperties) = preSolution
		HideSolutionNode = FALSE
	EndGlobalSection
EndGlobal
